
Microsoft Visual Studio Solution File, Format Version 12.00
# Visual Studio Version 17
VisualStudioVersion = 17.0.32014.148
MinimumVisualStudioVersion = 10.0.40219.1
Project("{FAE04EC0-301F-11D3-BF4B-00C04F79EFBC}") = "ASP220214V4", "ASP220214V4.csproj", "{FA35E896-AE95-4510-B496-F96FF879F0BF}"
EndProject
Global
	GlobalSection(SolutionConfigurationPlatforms) = preSolution
		Debug|Any CPU = Debug|Any CPU
		Release|Any CPU = Release|Any CPU
	EndGlobalSection
	GlobalSection(ProjectConfigurationPlatforms) = postSolution
		{FA35E896-AE95-4510-B496-F96FF879F0BF}.Debug|Any CPU.ActiveCfg = Debug|Any CPU
		{FA35E896-AE95-4510-B496-F96FF879F0BF}.Debug|Any CPU.Build.0 = Debug|Any CPU
		{FA35E896-AE95-4510-B496-F96FF879F0BF}.Release|Any CPU.ActiveCfg = Release|Any CPU
		{FA35E896-AE95-4510-B496-F96FF879F0BF}.Release|Any CPU.Build.0 = Release|Any CPU
	EndGlobalSection
	GlobalSection(SolutionProperties) = preSolution
		HideSolutionNode = FALSE
	EndGlobalSection
	GlobalSection(ExtensibilityGlobals) = postSolution
		SolutionGuid = {0981B88E-B983-478F-B6F9-07716D8E85F1}
	EndGlobalSection
EndGlobal
